
Microsoft Visual Studio Solution File, Format Version 11.00
# Visual Studio 2010
Project("{FAE04EC0-301F-11D3-BF4B-00C04F79EFBC}") = "Menu Engineering", "Menu Engineering\Menu Engineering.csproj", "{05D7917B-1081-402A-9604-FC6128CF8D4E}"
EndProject
Global
	GlobalSection(SolutionConfigurationPlatforms) = preSolution
		Debug|x86 = Debug|x86
		Release|x86 = Release|x86
	EndGlobalSection
	GlobalSection(ProjectConfigurationPlatforms) = postSolution
		{05D7917B-1081-402A-9604-FC6128CF8D4E}.Debug|x86.ActiveCfg = Debug|x86
		{05D7917B-1081-402A-9604-FC6128CF8D4E}.Debug|x86.Build.0 = Debug|x86
		{05D7917B-1081-402A-9604-FC6128CF8D4E}.Release|x86.ActiveCfg = Release|x86
		{05D7917B-1081-402A-9604-FC6128CF8D4E}.Release|x86.Build.0 = Release|x86
	EndGlobalSection
	GlobalSection(SolutionProperties) = preSolution
		HideSolutionNode = FALSE
	EndGlobalSection
EndGlobal
